
Microsoft Visual Studio Solution File, Format Version 12.00
Project("{FAE04EC0-301F-11D3-BF4B-00C04F79EFBC}") = "WebApplication1", "WebApplication1\WebApplication1.csproj", "{B688CC32-D329-4BA3-B00C-8F4D2B792B85}"
EndProject
Global
	GlobalSection(SolutionConfigurationPlatforms) = preSolution
		Debug|Any CPU = Debug|Any CPU
		Release|Any CPU = Release|Any CPU
	EndGlobalSection
	GlobalSection(ProjectConfigurationPlatforms) = postSolution
		{B688CC32-D329-4BA3-B00C-8F4D2B792B85}.Debug|Any CPU.ActiveCfg = Debug|Any CPU
		{B688CC32-D329-4BA3-B00C-8F4D2B792B85}.Debug|Any CPU.Build.0 = Debug|Any CPU
		{B688CC32-D329-4BA3-B00C-8F4D2B792B85}.Release|Any CPU.ActiveCfg = Release|Any CPU
		{B688CC32-D329-4BA3-B00C-8F4D2B792B85}.Release|Any CPU.Build.0 = Release|Any CPU
	EndGlobalSection
EndGlobal
